
Microsoft Visual Studio Solution File, Format Version 12.00
# Visual Studio 15
VisualStudioVersion = 15.0.27428.2015
MinimumVisualStudioVersion = 10.0.40219.1
Project("{FAE04EC0-301F-11D3-BF4B-00C04F79EFBC}") = "hello-world", "hello-world\hello-world.csproj", "{6983E994-3196-4936-A357-65F14A6F5036}"
EndProject
Global
	GlobalSection(SolutionConfigurationPlatforms) = preSolution
		Debug|Any CPU = Debug|Any CPU
		Release|Any CPU = Release|Any CPU
	EndGlobalSection
	GlobalSection(ProjectConfigurationPlatforms) = postSolution
		{6983E994-3196-4936-A357-65F14A6F5036}.Debug|Any CPU.ActiveCfg = Debug|Any CPU
		{6983E994-3196-4936-A357-65F14A6F5036}.Debug|Any CPU.Build.0 = Debug|Any CPU
		{6983E994-3196-4936-A357-65F14A6F5036}.Release|Any CPU.ActiveCfg = Release|Any CPU
		{6983E994-3196-4936-A357-65F14A6F5036}.Release|Any CPU.Build.0 = Release|Any CPU
	EndGlobalSection
	GlobalSection(SolutionProperties) = preSolution
		HideSolutionNode = FALSE
	EndGlobalSection
	GlobalSection(ExtensibilityGlobals) = postSolution
		SolutionGuid = {3BF16DF0-517E-4353-81CB-5722081686F4}
	EndGlobalSection
EndGlobal
